
Microsoft Visual Studio Solution File, Format Version 12.00
# Visual Studio 15
VisualStudioVersion = 15.0.28010.2026
MinimumVisualStudioVersion = 10.0.40219.1
Project("{9A19103F-16F7-4668-BE54-9A1E7A4F7556}") = "Homework6.1", "Homework6.1\Homework6.1.csproj", "{64C69102-BBDD-43BD-9B62-BF9CD60F1E7A}"
EndProject
Project("{FAE04EC0-301F-11D3-BF4B-00C04F79EFBC}") = "UnitTestProject2", "UnitTestProject2\UnitTestProject2.csproj", "{F210512D-68C0-4FA2-ACCB-AC6B2075D2AF}"
EndProject
Global
	GlobalSection(SolutionConfigurationPlatforms) = preSolution
		Debug|Any CPU = Debug|Any CPU
		Release|Any CPU = Release|Any CPU
	EndGlobalSection
	GlobalSection(ProjectConfigurationPlatforms) = postSolution
		{64C69102-BBDD-43BD-9B62-BF9CD60F1E7A}.Debug|Any CPU.ActiveCfg = Debug|Any CPU
		{64C69102-BBDD-43BD-9B62-BF9CD60F1E7A}.Debug|Any CPU.Build.0 = Debug|Any CPU
		{64C69102-BBDD-43BD-9B62-BF9CD60F1E7A}.Release|Any CPU.ActiveCfg = Release|Any CPU
		{64C69102-BBDD-43BD-9B62-BF9CD60F1E7A}.Release|Any CPU.Build.0 = Release|Any CPU
		{F210512D-68C0-4FA2-ACCB-AC6B2075D2AF}.Debug|Any CPU.ActiveCfg = Debug|Any CPU
		{F210512D-68C0-4FA2-ACCB-AC6B2075D2AF}.Debug|Any CPU.Build.0 = Debug|Any CPU
		{F210512D-68C0-4FA2-ACCB-AC6B2075D2AF}.Release|Any CPU.ActiveCfg = Release|Any CPU
		{F210512D-68C0-4FA2-ACCB-AC6B2075D2AF}.Release|Any CPU.Build.0 = Release|Any CPU
	EndGlobalSection
	GlobalSection(SolutionProperties) = preSolution
		HideSolutionNode = FALSE
	EndGlobalSection
	GlobalSection(ExtensibilityGlobals) = postSolution
		SolutionGuid = {4EA74E9D-BA3A-4CF0-859F-2FDEB1FF3662}
	EndGlobalSection
EndGlobal
